
Microsoft Visual Studio Solution File, Format Version 12.00
# Visual Studio Version 17
VisualStudioVersion = 17.8.34309.116
MinimumVisualStudioVersion = 10.0.40219.1
Project("{FAE04EC0-301F-11D3-BF4B-00C04F79EFBC}") = "PassandoDadosEntreComponentes", "PassandoDadosEntreComponentes\PassandoDadosEntreComponentes.csproj", "{582C7286-1AC6-42D4-A75A-ED661DC4824B}"
EndProject
Project("{FAE04EC0-301F-11D3-BF4B-00C04F79EFBC}") = "PassandoDadosEntreComponentes.Client", "PassandoDadosEntreComponentes.Client\PassandoDadosEntreComponentes.Client.csproj", "{634D6156-5022-463D-AB90-770F955AF1D2}"
EndProject
Global
	GlobalSection(SolutionConfigurationPlatforms) = preSolution
		Debug|Any CPU = Debug|Any CPU
		Release|Any CPU = Release|Any CPU
	EndGlobalSection
	GlobalSection(ProjectConfigurationPlatforms) = postSolution
		{582C7286-1AC6-42D4-A75A-ED661DC4824B}.Debug|Any CPU.ActiveCfg = Debug|Any CPU
		{582C7286-1AC6-42D4-A75A-ED661DC4824B}.Debug|Any CPU.Build.0 = Debug|Any CPU
		{582C7286-1AC6-42D4-A75A-ED661DC4824B}.Release|Any CPU.ActiveCfg = Release|Any CPU
		{582C7286-1AC6-42D4-A75A-ED661DC4824B}.Release|Any CPU.Build.0 = Release|Any CPU
		{634D6156-5022-463D-AB90-770F955AF1D2}.Debug|Any CPU.ActiveCfg = Debug|Any CPU
		{634D6156-5022-463D-AB90-770F955AF1D2}.Debug|Any CPU.Build.0 = Debug|Any CPU
		{634D6156-5022-463D-AB90-770F955AF1D2}.Release|Any CPU.ActiveCfg = Release|Any CPU
		{634D6156-5022-463D-AB90-770F955AF1D2}.Release|Any CPU.Build.0 = Release|Any CPU
	EndGlobalSection
	GlobalSection(SolutionProperties) = preSolution
		HideSolutionNode = FALSE
	EndGlobalSection
	GlobalSection(ExtensibilityGlobals) = postSolution
		SolutionGuid = {95F9E978-FA6F-48F4-AB4D-545430D16879}
	EndGlobalSection
EndGlobal
